// !$*UTF8*$!
{
	archiveVersion = 1;
	classes = {
	};
	objectVersion = 50;
	objects = {

/* Begin PBXBuildFile section */
		220F3BEA7D48370B95D25896 /* Pods_Species_Identification_Guide.framework in Frameworks */ = {isa = PBXBuildFile; fileRef = DBF43412688413FCA6585583 /* Pods_Species_Identification_Guide.framework */; };
		271B1731209806B90097F5C1 /* AppDelegate.swift in Sources */ = {isa = PBXBuildFile; fileRef = 271B1730209806B90097F5C1 /* AppDelegate.swift */; };
		271B1733209806B90097F5C1 /* ViewController.swift in Sources */ = {isa = PBXBuildFile; fileRef = 271B1732209806B90097F5C1 /* ViewController.swift */; };
		271B1736209806B90097F5C1 /* Main.storyboard in Resources */ = {isa = PBXBuildFile; fileRef = 271B1734209806B90097F5C1 /* Main.storyboard */; };
		271B1738209806BB0097F5C1 /* Assets.xcassets in Resources */ = {isa = PBXBuildFile; fileRef = 271B1737209806BB0097F5C1 /* Assets.xcassets */; };
		273A0FBD20AC2F6F0036D81C /* invertebrates.csv in Resources */ = {isa = PBXBuildFile; fileRef = 273A0FBC20AC2F6F0036D81C /* invertebrates.csv */; };
		6372F66B20C6644C005AD541 /* Resources.bundle in Resources */ = {isa = PBXBuildFile; fileRef = 6372F66A20C6644B005AD541 /* Resources.bundle */; };
		6396369920C16FCB00703ECE /* invertebrates test.csv in Resources */ = {isa = PBXBuildFile; fileRef = 6396369820C16FCA00703ECE /* invertebrates test.csv */; };
		63A8D01320B26F8500AB4C69 /* ShortlistViewController.swift in Sources */ = {isa = PBXBuildFile; fileRef = 63A8D01220B26F8500AB4C69 /* ShortlistViewController.swift */; };
		63A8D01520B26F9C00AB4C69 /* ProfileViewController.swift in Sources */ = {isa = PBXBuildFile; fileRef = 63A8D01420B26F9C00AB4C69 /* ProfileViewController.swift */; };
/* End PBXBuildFile section */

/* Begin PBXFileReference section */
		1F3E1FBBAF837708AED4B32D /* Pods-Species Identification Guide.release.xcconfig */ = {isa = PBXFileReference; includeInIndex = 1; lastKnownFileType = text.xcconfig; name = "Pods-Species Identification Guide.release.xcconfig"; path = "Pods/Target Support Files/Pods-Species Identification Guide/Pods-Species Identification Guide.release.xcconfig"; sourceTree = "<group>"; };
		271B172D209806B90097F5C1 /* Species Identification Guide.app */ = {isa = PBXFileReference; explicitFileType = wrapper.application; includeInIndex = 0; path = "Species Identification Guide.app"; sourceTree = BUILT_PRODUCTS_DIR; };
		271B1730209806B90097F5C1 /* AppDelegate.swift */ = {isa = PBXFileReference; lastKnownFileType = sourcecode.swift; path = AppDelegate.swift; sourceTree = "<group>"; };
		271B1732209806B90097F5C1 /* ViewController.swift */ = {isa = PBXFileReference; lastKnownFileType = sourcecode.swift; path = ViewController.swift; sourceTree = "<group>"; };
		271B1735209806B90097F5C1 /* Base */ = {isa = PBXFileReference; lastKnownFileType = file.storyboard; name = Base; path = Base.lproj/Main.storyboard; sourceTree = "<group>"; };
		271B1737209806BB0097F5C1 /* Assets.xcassets */ = {isa = PBXFileReference; lastKnownFileType = folder.assetcatalog; path = Assets.xcassets; sourceTree = "<group>"; };
		271B173C209806BB0097F5C1 /* Info.plist */ = {isa = PBXFileReference; lastKnownFileType = text.plist.xml; path = Info.plist; sourceTree = "<group>"; };
		273A0FBC20AC2F6F0036D81C /* invertebrates.csv */ = {isa = PBXFileReference; fileEncoding = 4; lastKnownFileType = text; path = invertebrates.csv; sourceTree = "<group>"; };
		6372F66A20C6644B005AD541 /* Resources.bundle */ = {isa = PBXFileReference; lastKnownFileType = "wrapper.plug-in"; path = Resources.bundle; sourceTree = "<group>"; };
		6396369820C16FCA00703ECE /* invertebrates test.csv */ = {isa = PBXFileReference; lastKnownFileType = text; path = "invertebrates test.csv"; sourceTree = "<group>"; };
		63A8D01220B26F8500AB4C69 /* ShortlistViewController.swift */ = {isa = PBXFileReference; lastKnownFileType = sourcecode.swift; path = ShortlistViewController.swift; sourceTree = "<group>"; };
		63A8D01420B26F9C00AB4C69 /* ProfileViewController.swift */ = {isa = PBXFileReference; lastKnownFileType = sourcecode.swift; path = ProfileViewController.swift; sourceTree = "<group>"; };
		A840A1A711B861263A3429BC /* Pods-Species Identification Guide.debug.xcconfig */ = {isa = PBXFileReference; includeInIndex = 1; lastKnownFileType = text.xcconfig; name = "Pods-Species Identification Guide.debug.xcconfig"; path = "Pods/Target Support Files/Pods-Species Identification Guide/Pods-Species Identification Guide.debug.xcconfig"; sourceTree = "<group>"; };
		DBF43412688413FCA6585583 /* Pods_Species_Identification_Guide.framework */ = {isa = PBXFileReference; explicitFileType = wrapper.framework; includeInIndex = 0; path = Pods_Species_Identification_Guide.framework; sourceTree = BUILT_PRODUCTS_DIR; };
/* End PBXFileReference section */

/* Begin PBXFrameworksBuildPhase section */
		271B172A209806B90097F5C1 /* Frameworks */ = {
			isa = PBXFrameworksBuildPhase;
			buildActionMask = 2147483647;
			files = (
				220F3BEA7D48370B95D25896 /* Pods_Species_Identification_Guide.framework in Frameworks */,
			);
			runOnlyForDeploymentPostprocessing = 0;
		};
/* End PBXFrameworksBuildPhase section */

/* Begin PBXGroup section */
		271B1724209806B90097F5C1 = {
			isa = PBXGroup;
			children = (
				6396369820C16FCA00703ECE /* invertebrates test.csv */,
				271B172F209806B90097F5C1 /* Species Identification Guide */,
				271B172E209806B90097F5C1 /* Products */,
				617B06F1E9F0F73774C657C1 /* Pods */,
				F076CE251B6D9F5093460C9F /* Frameworks */,
			);
			sourceTree = "<group>";
		};
		271B172E209806B90097F5C1 /* Products */ = {
			isa = PBXGroup;
			children = (
				271B172D209806B90097F5C1 /* Species Identification Guide.app */,
			);
			name = Products;
			sourceTree = "<group>";
		};
		271B172F209806B90097F5C1 /* Species Identification Guide */ = {
			isa = PBXGroup;
			children = (
				6372F66A20C6644B005AD541 /* Resources.bundle */,
				273A0FBC20AC2F6F0036D81C /* invertebrates.csv */,
				271B1730209806B90097F5C1 /* AppDelegate.swift */,
				271B1732209806B90097F5C1 /* ViewController.swift */,
				271B1734209806B90097F5C1 /* Main.storyboard */,
				271B1737209806BB0097F5C1 /* Assets.xcassets */,
				271B173C209806BB0097F5C1 /* Info.plist */,
				63A8D01220B26F8500AB4C69 /* ShortlistViewController.swift */,
				63A8D01420B26F9C00AB4C69 /* ProfileViewController.swift */,
			);
			path = "Species Identification Guide";
			sourceTree = "<group>";
		};
		617B06F1E9F0F73774C657C1 /* Pods */ = {
			isa = PBXGroup;
			children = (
				A840A1A711B861263A3429BC /* Pods-Species Identification Guide.debug.xcconfig */,
				1F3E1FBBAF837708AED4B32D /* Pods-Species Identification Guide.release.xcconfig */,
			);
			name = Pods;
			sourceTree = "<group>";
		};
		F076CE251B6D9F5093460C9F /* Frameworks */ = {
			isa = PBXGroup;
			children = (
				DBF43412688413FCA6585583 /* Pods_Species_Identification_Guide.framework */,
			);
			name = Frameworks;
			sourceTree = "<group>";
		};
/* End PBXGroup section */

/* Begin PBXNativeTarget section */
		271B172C209806B90097F5C1 /* Species Identification Guide */ = {
			isa = PBXNativeTarget;
			buildConfigurationList = 271B173F209806BB0097F5C1 /* Build configuration list for PBXNativeTarget "Species Identification Guide" */;
			buildPhases = (
				B8C1E645D3CECEC852962D37 /* [CP] Check Pods Manifest.lock */,
				271B1729209806B90097F5C1 /* Sources */,
				271B172A209806B90097F5C1 /* Frameworks */,
				271B172B209806B90097F5C1 /* Resources */,
				A24453AB6E1498BFDFF80BC6 /* [CP] Embed Pods Frameworks */,
			);
			buildRules = (
			);
			dependencies = (
			);
			name = "Species Identification Guide";
			productName = "Species Identification Guide";
			productReference = 271B172D209806B90097F5C1 /* Species Identification Guide.app */;
			productType = "com.apple.product-type.application";
		};
/* End PBXNativeTarget section */

/* Begin PBXProject section */
		271B1725209806B90097F5C1 /* Project object */ = {
			isa = PBXProject;
			attributes = {
				LastSwiftUpdateCheck = 0930;
				LastUpgradeCheck = 0930;
				ORGANIZATIONNAME = "PACE Group24";
				TargetAttributes = {
					271B172C209806B90097F5C1 = {
						CreatedOnToolsVersion = 9.3;
						LastSwiftMigration = 0930;
					};
				};
			};
			buildConfigurationList = 271B1728209806B90097F5C1 /* Build configuration list for PBXProject "Species Identification Guide" */;
			compatibilityVersion = "Xcode 9.3";
			developmentRegion = en;
			hasScannedForEncodings = 0;
			knownRegions = (
				en,
				Base,
			);
			mainGroup = 271B1724209806B90097F5C1;
			productRefGroup = 271B172E209806B90097F5C1 /* Products */;
			projectDirPath = "";
			projectRoot = "";
			targets = (
				271B172C209806B90097F5C1 /* Species Identification Guide */,
			);
		};
/* End PBXProject section */

/* Begin PBXResourcesBuildPhase section */
		271B172B209806B90097F5C1 /* Resources */ = {
			isa = PBXResourcesBuildPhase;
			buildActionMask = 2147483647;
			files = (
				6372F66B20C6644C005AD541 /* Resources.bundle in Resources */,
				6396369920C16FCB00703ECE /* invertebrates test.csv in Resources */,
				271B1738209806BB0097F5C1 /* Assets.xcassets in Resources */,
				273A0FBD20AC2F6F0036D81C /* invertebrates.csv in Resources */,
				271B1736209806B90097F5C1 /* Main.storyboard in Resources */,
			);
			runOnlyForDeploymentPostprocessing = 0;
		};
/* End PBXResourcesBuildPhase section */

/* Begin PBXShellScriptBuildPhase section */
		A24453AB6E1498BFDFF80BC6 /* [CP] Embed Pods Frameworks */ = {
			isa = PBXShellScriptBuildPhase;
			buildActionMask = 2147483647;
			files = (
			);
			inputPaths = (
				"${SRCROOT}/Pods/Target Support Files/Pods-Species Identification Guide/Pods-Species Identification Guide-frameworks.sh",
				"${BUILT_PRODUCTS_DIR}/CSV.swift/CSV.framework",
				"${BUILT_PRODUCTS_DIR}/ImageSlideshow/ImageSlideshow.framework",
			);
			name = "[CP] Embed Pods Frameworks";
			outputPaths = (
				"${TARGET_BUILD_DIR}/${FRAMEWORKS_FOLDER_PATH}/CSV.framework",
				"${TARGET_BUILD_DIR}/${FRAMEWORKS_FOLDER_PATH}/ImageSlideshow.framework",
			);
			runOnlyForDeploymentPostprocessing = 0;
			shellPath = /bin/sh;
			shellScript = "\"${SRCROOT}/Pods/Target Support Files/Pods-Species Identification Guide/Pods-Species Identification Guide-frameworks.sh\"\n";
			showEnvVarsInLog = 0;
		};
		B8C1E645D3CECEC852962D37 /* [CP] Check Pods Manifest.lock */ = {
			isa = PBXShellScriptBuildPhase;
			buildActionMask = 2147483647;
			files = (
			);
			inputPaths = (
				"${PODS_PODFILE_DIR_PATH}/Podfile.lock",
				"${PODS_ROOT}/Manifest.lock",
			);
			name = "[CP] Check Pods Manifest.lock";
			outputPaths = (
				"$(DERIVED_FILE_DIR)/Pods-Species Identification Guide-checkManifestLockResult.txt",
			);
			runOnlyForDeploymentPostprocessing = 0;
			shellPath = /bin/sh;
			shellScript = "diff \"${PODS_PODFILE_DIR_PATH}/Podfile.lock\" \"${PODS_ROOT}/Manifest.lock\" > /dev/null\nif [ $? != 0 ] ; then\n    # print error to STDERR\n    echo \"error: The sandbox is not in sync with the Podfile.lock. Run 'pod install' or update your CocoaPods installation.\" >&2\n    exit 1\nfi\n# This output is used by Xcode 'outputs' to avoid re-running this script phase.\necho \"SUCCESS\" > \"${SCRIPT_OUTPUT_FILE_0}\"\n";
			showEnvVarsInLog = 0;
		};
/* End PBXShellScriptBuildPhase section */

/* Begin PBXSourcesBuildPhase section */
		271B1729209806B90097F5C1 /* Sources */ = {
			isa = PBXSourcesBuildPhase;
			buildActionMask = 2147483647;
			files = (
				271B1733209806B90097F5C1 /* ViewController.swift in Sources */,
				271B1731209806B90097F5C1 /* AppDelegate.swift in Sources */,
				63A8D01520B26F9C00AB4C69 /* ProfileViewController.swift in Sources */,
				63A8D01320B26F8500AB4C69 /* ShortlistViewController.swift in Sources */,
			);
			runOnlyForDeploymentPostprocessing = 0;
		};
/* End PBXSourcesBuildPhase section */

/* Begin PBXVariantGroup section */
		271B1734209806B90097F5C1 /* Main.storyboard */ = {
			isa = PBXVariantGroup;
			children = (
				271B1735209806B90097F5C1 /* Base */,
			);
			name = Main.storyboard;
			sourceTree = "<group>";
		};
/* End PBXVariantGroup section */

/* Begin XCBuildConfiguration section */
		271B173D209806BB0097F5C1 /* Debug */ = {
			isa = XCBuildConfiguration;
			buildSettings = {
				ALWAYS_SEARCH_USER_PATHS = NO;
				CLANG_ANALYZER_NONNULL = YES;
				CLANG_ANALYZER_NUMBER_OBJECT_CONVERSION = YES_AGGRESSIVE;
				CLANG_CXX_LANGUAGE_STANDARD = "gnu++14";
				CLANG_CXX_LIBRARY = "libc++";
				CLANG_ENABLE_MODULES = YES;
				CLANG_ENABLE_OBJC_ARC = YES;
				CLANG_ENABLE_OBJC_WEAK = YES;
				CLANG_WARN_BLOCK_CAPTURE_AUTORELEASING = YES;
				CLANG_WARN_BOOL_CONVERSION = YES;
				CLANG_WARN_COMMA = YES;
				CLANG_WARN_CONSTANT_CONVERSION = YES;
				CLANG_WARN_DEPRECATED_OBJC_IMPLEMENTATIONS = YES;
				CLANG_WARN_DIRECT_OBJC_ISA_USAGE = YES_ERROR;
				CLANG_WARN_DOCUMENTATION_COMMENTS = YES;
				CLANG_WARN_EMPTY_BODY = YES;
				CLANG_WARN_ENUM_CONVERSION = YES;
				CLANG_WARN_INFINITE_RECURSION = YES;
				CLANG_WARN_INT_CONVERSION = YES;
				CLANG_WARN_NON_LITERAL_NULL_CONVERSION = YES;
				CLANG_WARN_OBJC_IMPLICIT_RETAIN_SELF = YES;
				CLANG_WARN_OBJC_LITERAL_CONVERSION = YES;
				CLANG_WARN_OBJC_ROOT_CLASS = YES_ERROR;
				CLANG_WARN_RANGE_LOOP_ANALYSIS = YES;
				CLANG_WARN_STRICT_PROTOTYPES = YES;
				CLANG_WARN_SUSPICIOUS_MOVE = YES;
				CLANG_WARN_UNGUARDED_AVAILABILITY = YES_AGGRESSIVE;
				CLANG_WARN_UNREACHABLE_CODE = YES;
				CLANG_WARN__DUPLICATE_METHOD_MATCH = YES;
				CODE_SIGN_IDENTITY = "iPhone Developer";
				COPY_PHASE_STRIP = NO;
				DEBUG_INFORMATION_FORMAT = dwarf;
				ENABLE_STRICT_OBJC_MSGSEND = YES;
				ENABLE_TESTABILITY = YES;
				GCC_C_LANGUAGE_STANDARD = gnu11;
				GCC_DYNAMIC_NO_PIC = NO;
				GCC_NO_COMMON_BLOCKS = YES;
				GCC_OPTIMIZATION_LEVEL = 0;
				GCC_PREPROCESSOR_DEFINITIONS = (
					"DEBUG=1",
					"$(inherited)",
				);
				GCC_WARN_64_TO_32_BIT_CONVERSION = YES;
				GCC_WARN_ABOUT_RETURN_TYPE = YES_ERROR;
				GCC_WARN_UNDECLARED_SELECTOR = YES;
				GCC_WARN_UNINITIALIZED_AUTOS = YES_AGGRESSIVE;
				GCC_WARN_UNUSED_FUNCTION = YES;
				GCC_WARN_UNUSED_VARIABLE = YES;
				IPHONEOS_DEPLOYMENT_TARGET = 11.3;
				MTL_ENABLE_DEBUG_INFO = YES;
				ONLY_ACTIVE_ARCH = YES;
				SDKROOT = iphoneos;
				SWIFT_ACTIVE_COMPILATION_CONDITIONS = DEBUG;
				SWIFT_OPTIMIZATION_LEVEL = "-Onone";
			};
			name = Debug;
		};
		271B173E209806BB0097F5C1 /* Release */ = {
			isa = XCBuildConfiguration;
			buildSettings = {
				ALWAYS_SEARCH_USER_PATHS = NO;
				CLANG_ANALYZER_NONNULL = YES;
				CLANG_ANALYZER_NUMBER_OBJECT_CONVERSION = YES_AGGRESSIVE;
				CLANG_CXX_LANGUAGE_STANDARD = "gnu++14";
				CLANG_CXX_LIBRARY = "libc++";
				CLANG_ENABLE_MODULES = YES;
				CLANG_ENABLE_OBJC_ARC = YES;
				CLANG_ENABLE_OBJC_WEAK = YES;
				CLANG_WARN_BLOCK_CAPTURE_AUTORELEASING = YES;
				CLANG_WARN_BOOL_CONVERSION = YES;
				CLANG_WARN_COMMA = YES;
				CLANG_WARN_CONSTANT_CONVERSION = YES;
				CLANG_WARN_DEPRECATED_OBJC_IMPLEMENTATIONS = YES;
				CLANG_WARN_DIRECT_OBJC_ISA_USAGE = YES_ERROR;
				CLANG_WARN_DOCUMENTATION_COMMENTS = YES;
				CLANG_WARN_EMPTY_BODY = YES;
				CLANG_WARN_ENUM_CONVERSION = YES;
				CLANG_WARN_INFINITE_RECURSION = YES;
				CLANG_WARN_INT_CONVERSION = YES;
				CLANG_WARN_NON_LITERAL_NULL_CONVERSION = YES;
				CLANG_WARN_OBJC_IMPLICIT_RETAIN_SELF = YES;
				CLANG_WARN_OBJC_LITERAL_CONVERSION = YES;
				CLANG_WARN_OBJC_ROOT_CLASS = YES_ERROR;
				CLANG_WARN_RANGE_LOOP_ANALYSIS = YES;
				CLANG_WARN_STRICT_PROTOTYPES = YES;
				CLANG_WARN_SUSPICIOUS_MOVE = YES;
				CLANG_WARN_UNGUARDED_AVAILABILITY = YES_AGGRESSIVE;
				CLANG_WARN_UNREACHABLE_CODE = YES;
				CLANG_WARN__DUPLICATE_METHOD_MATCH = YES;
				CODE_SIGN_IDENTITY = "iPhone Developer";
				COPY_PHASE_STRIP = NO;
				DEBUG_INFORMATION_FORMAT = "dwarf-with-dsym";
				ENABLE_NS_ASSERTIONS = NO;
				ENABLE_STRICT_OBJC_MSGSEND = YES;
				GCC_C_LANGUAGE_STANDARD = gnu11;
				GCC_NO_COMMON_BLOCKS = YES;
				GCC_WARN_64_TO_32_BIT_CONVERSION = YES;
				GCC_WARN_ABOUT_RETURN_TYPE = YES_ERROR;
				GCC_WARN_UNDECLARED_SELECTOR = YES;
				GCC_WARN_UNINITIALIZED_AUTOS = YES_AGGRESSIVE;
				GCC_WARN_UNUSED_FUNCTION = YES;
				GCC_WARN_UNUSED_VARIABLE = YES;
				IPHONEOS_DEPLOYMENT_TARGET = 11.3;
				MTL_ENABLE_DEBUG_INFO = NO;
				SDKROOT = iphoneos;
				SWIFT_COMPILATION_MODE = wholemodule;
				SWIFT_OPTIMIZATION_LEVEL = "-O";
				VALIDATE_PRODUCT = YES;
			};
			name = Release;
		};
		271B1740209806BB0097F5C1 /* Debug */ = {
			isa = XCBuildConfiguration;
			baseConfigurationReference = A840A1A711B861263A3429BC /* Pods-Species Identification Guide.debug.xcconfig */;
			buildSettings = {
				ASSETCATALOG_COMPILER_APPICON_NAME = AppIcon;
				CLANG_ENABLE_MODULES = YES;
				CODE_SIGN_STYLE = Automatic;
				DEVELOPMENT_TEAM = 3GGR85MH5L;
				INFOPLIST_FILE = "Species Identification Guide/Info.plist";
				LD_RUNPATH_SEARCH_PATHS = (
					"$(inherited)",
					"@executable_path/Frameworks",
				);
				PRODUCT_BUNDLE_IDENTIFIER = "PACE.Species-Identification-Guide";
				PRODUCT_NAME = "$(TARGET_NAME)";
				SWIFT_OPTIMIZATION_LEVEL = "-Onone";
				SWIFT_VERSION = 4.0;
				TARGETED_DEVICE_FAMILY = "1,2";
			};
			name = Debug;
		};
		271B1741209806BB0097F5C1 /* Release */ = {
			isa = XCBuildConfiguration;
			baseConfigurationReference = 1F3E1FBBAF837708AED4B32D /* Pods-Species Identification Guide.release.xcconfig */;
			buildSettings = {
				ASSETCATALOG_COMPILER_APPICON_NAME = AppIcon;
				CLANG_ENABLE_MODULES = YES;
				CODE_SIGN_STYLE = Automatic;
				DEVELOPMENT_TEAM = 3GGR85MH5L;
				INFOPLIST_FILE = "Species Identification Guide/Info.plist";
				LD_RUNPATH_SEARCH_PATHS = (
					"$(inherited)",
					"@executable_path/Frameworks",
				);
				PRODUCT_BUNDLE_IDENTIFIER = "PACE.Species-Identification-Guide";
				PRODUCT_NAME = "$(TARGET_NAME)";
				SWIFT_VERSION = 4.0;
				TARGETED_DEVICE_FAMILY = "1,2";
			};
			name = Release;
		};
/* End XCBuildConfiguration section */

/* Begin XCConfigurationList section */
		271B1728209806B90097F5C1 /* Build configuration list for PBXProject "Species Identification Guide" */ = {
			isa = XCConfigurationList;
			buildConfigurations = (
				271B173D209806BB0097F5C1 /* Debug */,
				271B173E209806BB0097F5C1 /* Release */,
			);
			defaultConfigurationIsVisible = 0;
			defaultConfigurationName = Release;
		};
		271B173F209806BB0097F5C1 /* Build configuration list for PBXNativeTarget "Species Identification Guide" */ = {
			isa = XCConfigurationList;
			buildConfigurations = (
				271B1740209806BB0097F5C1 /* Debug */,
				271B1741209806BB0097F5C1 /* Release */,
			);
			defaultConfigurationIsVisible = 0;
			defaultConfigurationName = Release;
		};
/* End XCConfigurationList section */
	};
	rootObject = 271B1725209806B90097F5C1 /* Project object */;
}
